
Microsoft Visual Studio Solution File, Format Version 12.00
# Visual Studio Version 17
VisualStudioVersion = 17.13.35825.156
MinimumVisualStudioVersion = 10.0.40219.1
Project("{FAE04EC0-301F-11D3-BF4B-00C04F79EFBC}") = "TextRPG", "TextRPG\TextRPG.csproj", "{DE707C04-8E3C-4C02-9369-30399D3986B5}"
EndProject
Global
	GlobalSection(SolutionConfigurationPlatforms) = preSolution
		Debug|Any CPU = Debug|Any CPU
		Release|Any CPU = Release|Any CPU
	EndGlobalSection
	GlobalSection(ProjectConfigurationPlatforms) = postSolution
		{DE707C04-8E3C-4C02-9369-30399D3986B5}.Debug|Any CPU.ActiveCfg = Debug|Any CPU
		{DE707C04-8E3C-4C02-9369-30399D3986B5}.Debug|Any CPU.Build.0 = Debug|Any CPU
		{DE707C04-8E3C-4C02-9369-30399D3986B5}.Release|Any CPU.ActiveCfg = Release|Any CPU
		{DE707C04-8E3C-4C02-9369-30399D3986B5}.Release|Any CPU.Build.0 = Release|Any CPU
	EndGlobalSection
	GlobalSection(SolutionProperties) = preSolution
		HideSolutionNode = FALSE
	EndGlobalSection
	GlobalSection(ExtensibilityGlobals) = postSolution
		SolutionGuid = {E4B6DCA7-1FE2-4BCD-8FF6-DFBE23556E11}
	EndGlobalSection
EndGlobal
